
Microsoft Visual Studio Solution File, Format Version 12.00
# Visual Studio Version 17
VisualStudioVersion = 17.11.35327.3
MinimumVisualStudioVersion = 10.0.40219.1
Project("{FAE04EC0-301F-11D3-BF4B-00C04F79EFBC}") = "ProjetoPersistenciaSimples", "ProjetoPersistenciaSimples.csproj", "{366033CC-9A1B-4C35-B004-F75F03E2A86E}"
EndProject
Global
	GlobalSection(SolutionConfigurationPlatforms) = preSolution
		Debug|Any CPU = Debug|Any CPU
		Release|Any CPU = Release|Any CPU
	EndGlobalSection
	GlobalSection(ProjectConfigurationPlatforms) = postSolution
		{366033CC-9A1B-4C35-B004-F75F03E2A86E}.Debug|Any CPU.ActiveCfg = Debug|Any CPU
		{366033CC-9A1B-4C35-B004-F75F03E2A86E}.Debug|Any CPU.Build.0 = Debug|Any CPU
		{366033CC-9A1B-4C35-B004-F75F03E2A86E}.Release|Any CPU.ActiveCfg = Release|Any CPU
		{366033CC-9A1B-4C35-B004-F75F03E2A86E}.Release|Any CPU.Build.0 = Release|Any CPU
	EndGlobalSection
	GlobalSection(SolutionProperties) = preSolution
		HideSolutionNode = FALSE
	EndGlobalSection
	GlobalSection(ExtensibilityGlobals) = postSolution
		SolutionGuid = {300ED857-CBAB-4D41-AF47-4C29E44DDBE7}
	EndGlobalSection
EndGlobal
